
Microsoft Visual Studio Solution File, Format Version 12.00
# Visual Studio Version 18
VisualStudioVersion = 18.0.11123.170 d18.0
MinimumVisualStudioVersion = 10.0.40219.1
Project("{FAE04EC0-301F-11D3-BF4B-00C04F79EFBC}") = "VectorStinger.Core", "VectorStinger.Core\VectorStinger.Core.csproj", "{A3D0DB7A-F1A3-4555-99F1-EA0F625B0B17}"
EndProject
Project("{FAE04EC0-301F-11D3-BF4B-00C04F79EFBC}") = "VectorStinger.Application", "VectorStinger.Application\VectorStinger.Application.csproj", "{0B740B66-69B1-4A61-89DE-D685385D81EB}"
EndProject
Project("{FAE04EC0-301F-11D3-BF4B-00C04F79EFBC}") = "VectorStinger.Infrastructure.DataAccess", "VectorStinger.Infrastructure.DataAccess\VectorStinger.Infrastructure.DataAccess.csproj", "{E9C787F2-FC4E-437E-A7CC-BD6F94D8BA7C}"
EndProject
Project("{FAE04EC0-301F-11D3-BF4B-00C04F79EFBC}") = "VectorStinger.Infrastructure.OAuth", "VectorStinger.Infrastructure.OAuth\VectorStinger.Infrastructure.OAuth.csproj", "{981494E2-83C6-45E4-81AA-2AA2307190A8}"
EndProject
Project("{FAE04EC0-301F-11D3-BF4B-00C04F79EFBC}") = "VectorStinger.Infrastructure.PayBridge", "VectorStinger.Infrastructure.PayBridge\VectorStinger.Infrastructure.PayBridge.csproj", "{176667D5-5A53-4D08-8144-BC4C43447943}"
EndProject
Project("{FAE04EC0-301F-11D3-BF4B-00C04F79EFBC}") = "VectorStinger.Modules.Security", "VectorStinger.Modules.Security\VectorStinger.Modules.Security.csproj", "{C004AB84-1A8D-47BB-B836-A7C2AD769C53}"
EndProject
Project("{FAE04EC0-301F-11D3-BF4B-00C04F79EFBC}") = "VectorStinger.Foundation.Abstractions", "VectorStinger.Foundation.Abstractions\VectorStinger.Foundation.Abstractions.csproj", "{35A9DB6E-191B-46FF-85A8-0CAC408607AE}"
EndProject
Project("{FAE04EC0-301F-11D3-BF4B-00C04F79EFBC}") = "VectorStinger.Foundation.Utilities", "VectorStinger.Foundation.Utilities\VectorStinger.Foundation.Utilities.csproj", "{4A0050A3-2C74-4FEE-BF46-D448A96F8C6A}"
EndProject
Project("{FAE04EC0-301F-11D3-BF4B-00C04F79EFBC}") = "VectorStinger.Foundation.Factory", "VectorStinger.Foundation.Factory\VectorStinger.Foundation.Factory.csproj", "{C9C5EA31-E70A-4E1F-90DC-692B37AF0F5B}"
EndProject
Project("{FAE04EC0-301F-11D3-BF4B-00C04F79EFBC}") = "VectorStinger.Host", "VectorStinger.Host\VectorStinger.Host.csproj", "{C68D07B5-C39B-43AB-97FD-11002E290D28}"
EndProject
Project("{FAE04EC0-301F-11D3-BF4B-00C04F79EFBC}") = "VectorStinger.Host.ServiceDefaults", "VectorStinger.Host.ServiceDefaults\VectorStinger.Host.ServiceDefaults.csproj", "{EA7C6830-9692-42F4-B797-473A26DF7A47}"
EndProject
Project("{FAE04EC0-301F-11D3-BF4B-00C04F79EFBC}") = "VectorStinger.Api.Security", "VectorStinger.Api.Security\VectorStinger.Api.Security.csproj", "{C9D33D25-71A0-43FB-B269-0B1BC61D3EDF}"
EndProject
Project("{FAE04EC0-301F-11D3-BF4B-00C04F79EFBC}") = "VectorStinger.Api.Service", "VectorStinger.Api.Service\VectorStinger.Api.Service.csproj", "{AF4FDC86-688B-4E7D-A5F2-A9C7F66C8E5D}"
EndProject
Project("{FAE04EC0-301F-11D3-BF4B-00C04F79EFBC}") = "VectorStinger.Web", "VectorStinger.Web\VectorStinger.Web.csproj", "{4B33BF79-26D9-435E-8BB3-FB0BC8D47B4A}"
EndProject
Project("{FAE04EC0-301F-11D3-BF4B-00C04F79EFBC}") = "VectorStinger.Tests", "VectorStinger.Tests\VectorStinger.Tests.csproj", "{158E5C4A-01C8-4B3B-B468-3ED9658D5961}"
EndProject
Project("{FAE04EC0-301F-11D3-BF4B-00C04F79EFBC}") = "VectorStinger.Infrastructure.Tests", "VectorStinger.Infrastructure.Tests\VectorStinger.Infrastructure.Tests.csproj", "{725C0069-1E6F-4E21-A390-A0C4D57A6BEC}"
EndProject
Project("{2150E333-8FDC-42A3-9474-1A3956D46DE8}") = "1. Service", "1. Service", "{02EA681E-C7D8-13C7-8484-4AC65E1B71E8}"
EndProject
Project("{2150E333-8FDC-42A3-9474-1A3956D46DE8}") = "2. Core", "2. Core", "{1FE6B023-8800-48EE-A9A6-EF6F5E2238FB}"
EndProject
Project("{2150E333-8FDC-42A3-9474-1A3956D46DE8}") = "4. Infrastructure", "4. Infrastructure", "{9727C221-936F-4FA4-9C0E-A99FA08E1900}"
EndProject
Project("{2150E333-8FDC-42A3-9474-1A3956D46DE8}") = "3. Modules", "3. Modules", "{E76B1A13-6845-4684-99CE-1921B18D0DB9}"
EndProject
Project("{2150E333-8FDC-42A3-9474-1A3956D46DE8}") = "Hosting", "Hosting", "{487BAF92-1ACB-42F7-AA18-35B7626089AE}"
EndProject
Project("{2150E333-8FDC-42A3-9474-1A3956D46DE8}") = "5. SharedKernel", "5. SharedKernel", "{BB5D452F-8E1A-4B1A-B3BC-7A6FF168A092}"
EndProject
Project("{2150E333-8FDC-42A3-9474-1A3956D46DE8}") = "Test", "Test", "{9C6C6E48-5323-4A56-B72E-EBFCD7043F3A}"
EndProject
Project("{2150E333-8FDC-42A3-9474-1A3956D46DE8}") = "Test", "Test", "{989946C7-92CB-4AAC-8FEA-1F3964EE990D}"
EndProject
Project("{FAE04EC0-301F-11D3-BF4B-00C04F79EFBC}") = "VectorStinger.Modules.SeguimientoAsesor", "VectorStinger.Modules.SeguimientoAsesor\VectorStinger.Modules.SeguimientoAsesor.csproj", "{4100D812-E825-473D-9221-232BF1A6A33A}"
EndProject
Global
	GlobalSection(SolutionConfigurationPlatforms) = preSolution
		Debug|Any CPU = Debug|Any CPU
		Debug|x64 = Debug|x64
		Debug|x86 = Debug|x86
		Release|Any CPU = Release|Any CPU
		Release|x64 = Release|x64
		Release|x86 = Release|x86
	EndGlobalSection
	GlobalSection(ProjectConfigurationPlatforms) = postSolution
		{A3D0DB7A-F1A3-4555-99F1-EA0F625B0B17}.Debug|Any CPU.ActiveCfg = Debug|Any CPU
		{A3D0DB7A-F1A3-4555-99F1-EA0F625B0B17}.Debug|Any CPU.Build.0 = Debug|Any CPU
		{A3D0DB7A-F1A3-4555-99F1-EA0F625B0B17}.Debug|x64.ActiveCfg = Debug|Any CPU
		{A3D0DB7A-F1A3-4555-99F1-EA0F625B0B17}.Debug|x64.Build.0 = Debug|Any CPU
		{A3D0DB7A-F1A3-4555-99F1-EA0F625B0B17}.Debug|x86.ActiveCfg = Debug|Any CPU
		{A3D0DB7A-F1A3-4555-99F1-EA0F625B0B17}.Debug|x86.Build.0 = Debug|Any CPU
		{A3D0DB7A-F1A3-4555-99F1-EA0F625B0B17}.Release|Any CPU.ActiveCfg = Release|Any CPU
		{A3D0DB7A-F1A3-4555-99F1-EA0F625B0B17}.Release|Any CPU.Build.0 = Release|Any CPU
		{A3D0DB7A-F1A3-4555-99F1-EA0F625B0B17}.Release|x64.ActiveCfg = Release|Any CPU
		{A3D0DB7A-F1A3-4555-99F1-EA0F625B0B17}.Release|x64.Build.0 = Release|Any CPU
		{A3D0DB7A-F1A3-4555-99F1-EA0F625B0B17}.Release|x86.ActiveCfg = Release|Any CPU
		{A3D0DB7A-F1A3-4555-99F1-EA0F625B0B17}.Release|x86.Build.0 = Release|Any CPU
		{0B740B66-69B1-4A61-89DE-D685385D81EB}.Debug|Any CPU.ActiveCfg = Debug|Any CPU
		{0B740B66-69B1-4A61-89DE-D685385D81EB}.Debug|Any CPU.Build.0 = Debug|Any CPU
		{0B740B66-69B1-4A61-89DE-D685385D81EB}.Debug|x64.ActiveCfg = Debug|Any CPU
		{0B740B66-69B1-4A61-89DE-D685385D81EB}.Debug|x64.Build.0 = Debug|Any CPU
		{0B740B66-69B1-4A61-89DE-D685385D81EB}.Debug|x86.ActiveCfg = Debug|Any CPU
		{0B740B66-69B1-4A61-89DE-D685385D81EB}.Debug|x86.Build.0 = Debug|Any CPU
		{0B740B66-69B1-4A61-89DE-D685385D81EB}.Release|Any CPU.ActiveCfg = Release|Any CPU
		{0B740B66-69B1-4A61-89DE-D685385D81EB}.Release|Any CPU.Build.0 = Release|Any CPU
		{0B740B66-69B1-4A61-89DE-D685385D81EB}.Release|x64.ActiveCfg = Release|Any CPU
		{0B740B66-69B1-4A61-89DE-D685385D81EB}.Release|x64.Build.0 = Release|Any CPU
		{0B740B66-69B1-4A61-89DE-D685385D81EB}.Release|x86.ActiveCfg = Release|Any CPU
		{0B740B66-69B1-4A61-89DE-D685385D81EB}.Release|x86.Build.0 = Release|Any CPU
		{E9C787F2-FC4E-437E-A7CC-BD6F94D8BA7C}.Debug|Any CPU.ActiveCfg = Debug|Any CPU
		{E9C787F2-FC4E-437E-A7CC-BD6F94D8BA7C}.Debug|Any CPU.Build.0 = Debug|Any CPU
		{E9C787F2-FC4E-437E-A7CC-BD6F94D8BA7C}.Debug|x64.ActiveCfg = Debug|Any CPU
		{E9C787F2-FC4E-437E-A7CC-BD6F94D8BA7C}.Debug|x64.Build.0 = Debug|Any CPU
		{E9C787F2-FC4E-437E-A7CC-BD6F94D8BA7C}.Debug|x86.ActiveCfg = Debug|Any CPU
		{E9C787F2-FC4E-437E-A7CC-BD6F94D8BA7C}.Debug|x86.Build.0 = Debug|Any CPU
		{E9C787F2-FC4E-437E-A7CC-BD6F94D8BA7C}.Release|Any CPU.ActiveCfg = Release|Any CPU
		{E9C787F2-FC4E-437E-A7CC-BD6F94D8BA7C}.Release|Any CPU.Build.0 = Release|Any CPU
		{E9C787F2-FC4E-437E-A7CC-BD6F94D8BA7C}.Release|x64.ActiveCfg = Release|Any CPU
		{E9C787F2-FC4E-437E-A7CC-BD6F94D8BA7C}.Release|x64.Build.0 = Release|Any CPU
		{E9C787F2-FC4E-437E-A7CC-BD6F94D8BA7C}.Release|x86.ActiveCfg = Release|Any CPU
		{E9C787F2-FC4E-437E-A7CC-BD6F94D8BA7C}.Release|x86.Build.0 = Release|Any CPU
		{981494E2-83C6-45E4-81AA-2AA2307190A8}.Debug|Any CPU.ActiveCfg = Debug|Any CPU
		{981494E2-83C6-45E4-81AA-2AA2307190A8}.Debug|Any CPU.Build.0 = Debug|Any CPU
		{981494E2-83C6-45E4-81AA-2AA2307190A8}.Debug|x64.ActiveCfg = Debug|Any CPU
		{981494E2-83C6-45E4-81AA-2AA2307190A8}.Debug|x64.Build.0 = Debug|Any CPU
		{981494E2-83C6-45E4-81AA-2AA2307190A8}.Debug|x86.ActiveCfg = Debug|Any CPU
		{981494E2-83C6-45E4-81AA-2AA2307190A8}.Debug|x86.Build.0 = Debug|Any CPU
		{981494E2-83C6-45E4-81AA-2AA2307190A8}.Release|Any CPU.ActiveCfg = Release|Any CPU
		{981494E2-83C6-45E4-81AA-2AA2307190A8}.Release|Any CPU.Build.0 = Release|Any CPU
		{981494E2-83C6-45E4-81AA-2AA2307190A8}.Release|x64.ActiveCfg = Release|Any CPU
		{981494E2-83C6-45E4-81AA-2AA2307190A8}.Release|x64.Build.0 = Release|Any CPU
		{981494E2-83C6-45E4-81AA-2AA2307190A8}.Release|x86.ActiveCfg = Release|Any CPU
		{981494E2-83C6-45E4-81AA-2AA2307190A8}.Release|x86.Build.0 = Release|Any CPU
		{176667D5-5A53-4D08-8144-BC4C43447943}.Debug|Any CPU.ActiveCfg = Debug|Any CPU
		{176667D5-5A53-4D08-8144-BC4C43447943}.Debug|Any CPU.Build.0 = Debug|Any CPU
		{176667D5-5A53-4D08-8144-BC4C43447943}.Debug|x64.ActiveCfg = Debug|Any CPU
		{176667D5-5A53-4D08-8144-BC4C43447943}.Debug|x64.Build.0 = Debug|Any CPU
		{176667D5-5A53-4D08-8144-BC4C43447943}.Debug|x86.ActiveCfg = Debug|Any CPU
		{176667D5-5A53-4D08-8144-BC4C43447943}.Debug|x86.Build.0 = Debug|Any CPU
		{176667D5-5A53-4D08-8144-BC4C43447943}.Release|Any CPU.ActiveCfg = Release|Any CPU
		{176667D5-5A53-4D08-8144-BC4C43447943}.Release|Any CPU.Build.0 = Release|Any CPU
		{176667D5-5A53-4D08-8144-BC4C43447943}.Release|x64.ActiveCfg = Release|Any CPU
		{176667D5-5A53-4D08-8144-BC4C43447943}.Release|x64.Build.0 = Release|Any CPU
		{176667D5-5A53-4D08-8144-BC4C43447943}.Release|x86.ActiveCfg = Release|Any CPU
		{176667D5-5A53-4D08-8144-BC4C43447943}.Release|x86.Build.0 = Release|Any CPU
		{C004AB84-1A8D-47BB-B836-A7C2AD769C53}.Debug|Any CPU.ActiveCfg = Debug|Any CPU
		{C004AB84-1A8D-47BB-B836-A7C2AD769C53}.Debug|Any CPU.Build.0 = Debug|Any CPU
		{C004AB84-1A8D-47BB-B836-A7C2AD769C53}.Debug|x64.ActiveCfg = Debug|Any CPU
		{C004AB84-1A8D-47BB-B836-A7C2AD769C53}.Debug|x64.Build.0 = Debug|Any CPU
		{C004AB84-1A8D-47BB-B836-A7C2AD769C53}.Debug|x86.ActiveCfg = Debug|Any CPU
		{C004AB84-1A8D-47BB-B836-A7C2AD769C53}.Debug|x86.Build.0 = Debug|Any CPU
		{C004AB84-1A8D-47BB-B836-A7C2AD769C53}.Release|Any CPU.ActiveCfg = Release|Any CPU
		{C004AB84-1A8D-47BB-B836-A7C2AD769C53}.Release|Any CPU.Build.0 = Release|Any CPU
		{C004AB84-1A8D-47BB-B836-A7C2AD769C53}.Release|x64.ActiveCfg = Release|Any CPU
		{C004AB84-1A8D-47BB-B836-A7C2AD769C53}.Release|x64.Build.0 = Release|Any CPU
		{C004AB84-1A8D-47BB-B836-A7C2AD769C53}.Release|x86.ActiveCfg = Release|Any CPU
		{C004AB84-1A8D-47BB-B836-A7C2AD769C53}.Release|x86.Build.0 = Release|Any CPU
		{35A9DB6E-191B-46FF-85A8-0CAC408607AE}.Debug|Any CPU.ActiveCfg = Debug|Any CPU
		{35A9DB6E-191B-46FF-85A8-0CAC408607AE}.Debug|Any CPU.Build.0 = Debug|Any CPU
		{35A9DB6E-191B-46FF-85A8-0CAC408607AE}.Debug|x64.ActiveCfg = Debug|Any CPU
		{35A9DB6E-191B-46FF-85A8-0CAC408607AE}.Debug|x64.Build.0 = Debug|Any CPU
		{35A9DB6E-191B-46FF-85A8-0CAC408607AE}.Debug|x86.ActiveCfg = Debug|Any CPU
		{35A9DB6E-191B-46FF-85A8-0CAC408607AE}.Debug|x86.Build.0 = Debug|Any CPU
		{35A9DB6E-191B-46FF-85A8-0CAC408607AE}.Release|Any CPU.ActiveCfg = Release|Any CPU
		{35A9DB6E-191B-46FF-85A8-0CAC408607AE}.Release|Any CPU.Build.0 = Release|Any CPU
		{35A9DB6E-191B-46FF-85A8-0CAC408607AE}.Release|x64.ActiveCfg = Release|Any CPU
		{35A9DB6E-191B-46FF-85A8-0CAC408607AE}.Release|x64.Build.0 = Release|Any CPU
		{35A9DB6E-191B-46FF-85A8-0CAC408607AE}.Release|x86.ActiveCfg = Release|Any CPU
		{35A9DB6E-191B-46FF-85A8-0CAC408607AE}.Release|x86.Build.0 = Release|Any CPU
		{4A0050A3-2C74-4FEE-BF46-D448A96F8C6A}.Debug|Any CPU.ActiveCfg = Debug|Any CPU
		{4A0050A3-2C74-4FEE-BF46-D448A96F8C6A}.Debug|Any CPU.Build.0 = Debug|Any CPU
		{4A0050A3-2C74-4FEE-BF46-D448A96F8C6A}.Debug|x64.ActiveCfg = Debug|Any CPU
		{4A0050A3-2C74-4FEE-BF46-D448A96F8C6A}.Debug|x64.Build.0 = Debug|Any CPU
		{4A0050A3-2C74-4FEE-BF46-D448A96F8C6A}.Debug|x86.ActiveCfg = Debug|Any CPU
		{4A0050A3-2C74-4FEE-BF46-D448A96F8C6A}.Debug|x86.Build.0 = Debug|Any CPU
		{4A0050A3-2C74-4FEE-BF46-D448A96F8C6A}.Release|Any CPU.ActiveCfg = Release|Any CPU
		{4A0050A3-2C74-4FEE-BF46-D448A96F8C6A}.Release|Any CPU.Build.0 = Release|Any CPU
		{4A0050A3-2C74-4FEE-BF46-D448A96F8C6A}.Release|x64.ActiveCfg = Release|Any CPU
		{4A0050A3-2C74-4FEE-BF46-D448A96F8C6A}.Release|x64.Build.0 = Release|Any CPU
		{4A0050A3-2C74-4FEE-BF46-D448A96F8C6A}.Release|x86.ActiveCfg = Release|Any CPU
		{4A0050A3-2C74-4FEE-BF46-D448A96F8C6A}.Release|x86.Build.0 = Release|Any CPU
		{C9C5EA31-E70A-4E1F-90DC-692B37AF0F5B}.Debug|Any CPU.ActiveCfg = Debug|Any CPU
		{C9C5EA31-E70A-4E1F-90DC-692B37AF0F5B}.Debug|Any CPU.Build.0 = Debug|Any CPU
		{C9C5EA31-E70A-4E1F-90DC-692B37AF0F5B}.Debug|x64.ActiveCfg = Debug|Any CPU
		{C9C5EA31-E70A-4E1F-90DC-692B37AF0F5B}.Debug|x64.Build.0 = Debug|Any CPU
		{C9C5EA31-E70A-4E1F-90DC-692B37AF0F5B}.Debug|x86.ActiveCfg = Debug|Any CPU
		{C9C5EA31-E70A-4E1F-90DC-692B37AF0F5B}.Debug|x86.Build.0 = Debug|Any CPU
		{C9C5EA31-E70A-4E1F-90DC-692B37AF0F5B}.Release|Any CPU.ActiveCfg = Release|Any CPU
		{C9C5EA31-E70A-4E1F-90DC-692B37AF0F5B}.Release|Any CPU.Build.0 = Release|Any CPU
		{C9C5EA31-E70A-4E1F-90DC-692B37AF0F5B}.Release|x64.ActiveCfg = Release|Any CPU
		{C9C5EA31-E70A-4E1F-90DC-692B37AF0F5B}.Release|x64.Build.0 = Release|Any CPU
		{C9C5EA31-E70A-4E1F-90DC-692B37AF0F5B}.Release|x86.ActiveCfg = Release|Any CPU
		{C9C5EA31-E70A-4E1F-90DC-692B37AF0F5B}.Release|x86.Build.0 = Release|Any CPU
		{C68D07B5-C39B-43AB-97FD-11002E290D28}.Debug|Any CPU.ActiveCfg = Debug|Any CPU
		{C68D07B5-C39B-43AB-97FD-11002E290D28}.Debug|Any CPU.Build.0 = Debug|Any CPU
		{C68D07B5-C39B-43AB-97FD-11002E290D28}.Debug|x64.ActiveCfg = Debug|Any CPU
		{C68D07B5-C39B-43AB-97FD-11002E290D28}.Debug|x64.Build.0 = Debug|Any CPU
		{C68D07B5-C39B-43AB-97FD-11002E290D28}.Debug|x86.ActiveCfg = Debug|Any CPU
		{C68D07B5-C39B-43AB-97FD-11002E290D28}.Debug|x86.Build.0 = Debug|Any CPU
		{C68D07B5-C39B-43AB-97FD-11002E290D28}.Release|Any CPU.ActiveCfg = Release|Any CPU
		{C68D07B5-C39B-43AB-97FD-11002E290D28}.Release|Any CPU.Build.0 = Release|Any CPU
		{C68D07B5-C39B-43AB-97FD-11002E290D28}.Release|x64.ActiveCfg = Release|Any CPU
		{C68D07B5-C39B-43AB-97FD-11002E290D28}.Release|x64.Build.0 = Release|Any CPU
		{C68D07B5-C39B-43AB-97FD-11002E290D28}.Release|x86.ActiveCfg = Release|Any CPU
		{C68D07B5-C39B-43AB-97FD-11002E290D28}.Release|x86.Build.0 = Release|Any CPU
		{EA7C6830-9692-42F4-B797-473A26DF7A47}.Debug|Any CPU.ActiveCfg = Debug|Any CPU
		{EA7C6830-9692-42F4-B797-473A26DF7A47}.Debug|Any CPU.Build.0 = Debug|Any CPU
		{EA7C6830-9692-42F4-B797-473A26DF7A47}.Debug|x64.ActiveCfg = Debug|Any CPU
		{EA7C6830-9692-42F4-B797-473A26DF7A47}.Debug|x64.Build.0 = Debug|Any CPU
		{EA7C6830-9692-42F4-B797-473A26DF7A47}.Debug|x86.ActiveCfg = Debug|Any CPU
		{EA7C6830-9692-42F4-B797-473A26DF7A47}.Debug|x86.Build.0 = Debug|Any CPU
		{EA7C6830-9692-42F4-B797-473A26DF7A47}.Release|Any CPU.ActiveCfg = Release|Any CPU
		{EA7C6830-9692-42F4-B797-473A26DF7A47}.Release|Any CPU.Build.0 = Release|Any CPU
		{EA7C6830-9692-42F4-B797-473A26DF7A47}.Release|x64.ActiveCfg = Release|Any CPU
		{EA7C6830-9692-42F4-B797-473A26DF7A47}.Release|x64.Build.0 = Release|Any CPU
		{EA7C6830-9692-42F4-B797-473A26DF7A47}.Release|x86.ActiveCfg = Release|Any CPU
		{EA7C6830-9692-42F4-B797-473A26DF7A47}.Release|x86.Build.0 = Release|Any CPU
		{C9D33D25-71A0-43FB-B269-0B1BC61D3EDF}.Debug|Any CPU.ActiveCfg = Debug|Any CPU
		{C9D33D25-71A0-43FB-B269-0B1BC61D3EDF}.Debug|Any CPU.Build.0 = Debug|Any CPU
		{C9D33D25-71A0-43FB-B269-0B1BC61D3EDF}.Debug|x64.ActiveCfg = Debug|Any CPU
		{C9D33D25-71A0-43FB-B269-0B1BC61D3EDF}.Debug|x64.Build.0 = Debug|Any CPU
		{C9D33D25-71A0-43FB-B269-0B1BC61D3EDF}.Debug|x86.ActiveCfg = Debug|Any CPU
		{C9D33D25-71A0-43FB-B269-0B1BC61D3EDF}.Debug|x86.Build.0 = Debug|Any CPU
		{C9D33D25-71A0-43FB-B269-0B1BC61D3EDF}.Release|Any CPU.ActiveCfg = Release|Any CPU
		{C9D33D25-71A0-43FB-B269-0B1BC61D3EDF}.Release|Any CPU.Build.0 = Release|Any CPU
		{C9D33D25-71A0-43FB-B269-0B1BC61D3EDF}.Release|x64.ActiveCfg = Release|Any CPU
		{C9D33D25-71A0-43FB-B269-0B1BC61D3EDF}.Release|x64.Build.0 = Release|Any CPU
		{C9D33D25-71A0-43FB-B269-0B1BC61D3EDF}.Release|x86.ActiveCfg = Release|Any CPU
		{C9D33D25-71A0-43FB-B269-0B1BC61D3EDF}.Release|x86.Build.0 = Release|Any CPU
		{AF4FDC86-688B-4E7D-A5F2-A9C7F66C8E5D}.Debug|Any CPU.ActiveCfg = Debug|Any CPU
		{AF4FDC86-688B-4E7D-A5F2-A9C7F66C8E5D}.Debug|Any CPU.Build.0 = Debug|Any CPU
		{AF4FDC86-688B-4E7D-A5F2-A9C7F66C8E5D}.Debug|x64.ActiveCfg = Debug|Any CPU
		{AF4FDC86-688B-4E7D-A5F2-A9C7F66C8E5D}.Debug|x64.Build.0 = Debug|Any CPU
		{AF4FDC86-688B-4E7D-A5F2-A9C7F66C8E5D}.Debug|x86.ActiveCfg = Debug|Any CPU
		{AF4FDC86-688B-4E7D-A5F2-A9C7F66C8E5D}.Debug|x86.Build.0 = Debug|Any CPU
		{AF4FDC86-688B-4E7D-A5F2-A9C7F66C8E5D}.Release|Any CPU.ActiveCfg = Release|Any CPU
		{AF4FDC86-688B-4E7D-A5F2-A9C7F66C8E5D}.Release|Any CPU.Build.0 = Release|Any CPU
		{AF4FDC86-688B-4E7D-A5F2-A9C7F66C8E5D}.Release|x64.ActiveCfg = Release|Any CPU
		{AF4FDC86-688B-4E7D-A5F2-A9C7F66C8E5D}.Release|x64.Build.0 = Release|Any CPU
		{AF4FDC86-688B-4E7D-A5F2-A9C7F66C8E5D}.Release|x86.ActiveCfg = Release|Any CPU
		{AF4FDC86-688B-4E7D-A5F2-A9C7F66C8E5D}.Release|x86.Build.0 = Release|Any CPU
		{4B33BF79-26D9-435E-8BB3-FB0BC8D47B4A}.Debug|Any CPU.ActiveCfg = Debug|Any CPU
		{4B33BF79-26D9-435E-8BB3-FB0BC8D47B4A}.Debug|Any CPU.Build.0 = Debug|Any CPU
		{4B33BF79-26D9-435E-8BB3-FB0BC8D47B4A}.Debug|x64.ActiveCfg = Debug|Any CPU
		{4B33BF79-26D9-435E-8BB3-FB0BC8D47B4A}.Debug|x64.Build.0 = Debug|Any CPU
		{4B33BF79-26D9-435E-8BB3-FB0BC8D47B4A}.Debug|x86.ActiveCfg = Debug|Any CPU
		{4B33BF79-26D9-435E-8BB3-FB0BC8D47B4A}.Debug|x86.Build.0 = Debug|Any CPU
		{4B33BF79-26D9-435E-8BB3-FB0BC8D47B4A}.Release|Any CPU.ActiveCfg = Release|Any CPU
		{4B33BF79-26D9-435E-8BB3-FB0BC8D47B4A}.Release|Any CPU.Build.0 = Release|Any CPU
		{4B33BF79-26D9-435E-8BB3-FB0BC8D47B4A}.Release|x64.ActiveCfg = Release|Any CPU
		{4B33BF79-26D9-435E-8BB3-FB0BC8D47B4A}.Release|x64.Build.0 = Release|Any CPU
		{4B33BF79-26D9-435E-8BB3-FB0BC8D47B4A}.Release|x86.ActiveCfg = Release|Any CPU
		{4B33BF79-26D9-435E-8BB3-FB0BC8D47B4A}.Release|x86.Build.0 = Release|Any CPU
		{158E5C4A-01C8-4B3B-B468-3ED9658D5961}.Debug|Any CPU.ActiveCfg = Debug|Any CPU
		{158E5C4A-01C8-4B3B-B468-3ED9658D5961}.Debug|Any CPU.Build.0 = Debug|Any CPU
		{158E5C4A-01C8-4B3B-B468-3ED9658D5961}.Debug|x64.ActiveCfg = Debug|Any CPU
		{158E5C4A-01C8-4B3B-B468-3ED9658D5961}.Debug|x64.Build.0 = Debug|Any CPU
		{158E5C4A-01C8-4B3B-B468-3ED9658D5961}.Debug|x86.ActiveCfg = Debug|Any CPU
		{158E5C4A-01C8-4B3B-B468-3ED9658D5961}.Debug|x86.Build.0 = Debug|Any CPU
		{158E5C4A-01C8-4B3B-B468-3ED9658D5961}.Release|Any CPU.ActiveCfg = Release|Any CPU
		{158E5C4A-01C8-4B3B-B468-3ED9658D5961}.Release|Any CPU.Build.0 = Release|Any CPU
		{158E5C4A-01C8-4B3B-B468-3ED9658D5961}.Release|x64.ActiveCfg = Release|Any CPU
		{158E5C4A-01C8-4B3B-B468-3ED9658D5961}.Release|x64.Build.0 = Release|Any CPU
		{158E5C4A-01C8-4B3B-B468-3ED9658D5961}.Release|x86.ActiveCfg = Release|Any CPU
		{158E5C4A-01C8-4B3B-B468-3ED9658D5961}.Release|x86.Build.0 = Release|Any CPU
		{725C0069-1E6F-4E21-A390-A0C4D57A6BEC}.Debug|Any CPU.ActiveCfg = Debug|Any CPU
		{725C0069-1E6F-4E21-A390-A0C4D57A6BEC}.Debug|Any CPU.Build.0 = Debug|Any CPU
		{725C0069-1E6F-4E21-A390-A0C4D57A6BEC}.Debug|x64.ActiveCfg = Debug|Any CPU
		{725C0069-1E6F-4E21-A390-A0C4D57A6BEC}.Debug|x64.Build.0 = Debug|Any CPU
		{725C0069-1E6F-4E21-A390-A0C4D57A6BEC}.Debug|x86.ActiveCfg = Debug|Any CPU
		{725C0069-1E6F-4E21-A390-A0C4D57A6BEC}.Debug|x86.Build.0 = Debug|Any CPU
		{725C0069-1E6F-4E21-A390-A0C4D57A6BEC}.Release|Any CPU.ActiveCfg = Release|Any CPU
		{725C0069-1E6F-4E21-A390-A0C4D57A6BEC}.Release|Any CPU.Build.0 = Release|Any CPU
		{725C0069-1E6F-4E21-A390-A0C4D57A6BEC}.Release|x64.ActiveCfg = Release|Any CPU
		{725C0069-1E6F-4E21-A390-A0C4D57A6BEC}.Release|x64.Build.0 = Release|Any CPU
		{725C0069-1E6F-4E21-A390-A0C4D57A6BEC}.Release|x86.ActiveCfg = Release|Any CPU
		{725C0069-1E6F-4E21-A390-A0C4D57A6BEC}.Release|x86.Build.0 = Release|Any CPU
		{4100D812-E825-473D-9221-232BF1A6A33A}.Debug|Any CPU.ActiveCfg = Debug|Any CPU
		{4100D812-E825-473D-9221-232BF1A6A33A}.Debug|Any CPU.Build.0 = Debug|Any CPU
		{4100D812-E825-473D-9221-232BF1A6A33A}.Debug|x64.ActiveCfg = Debug|Any CPU
		{4100D812-E825-473D-9221-232BF1A6A33A}.Debug|x64.Build.0 = Debug|Any CPU
		{4100D812-E825-473D-9221-232BF1A6A33A}.Debug|x86.ActiveCfg = Debug|Any CPU
		{4100D812-E825-473D-9221-232BF1A6A33A}.Debug|x86.Build.0 = Debug|Any CPU
		{4100D812-E825-473D-9221-232BF1A6A33A}.Release|Any CPU.ActiveCfg = Release|Any CPU
		{4100D812-E825-473D-9221-232BF1A6A33A}.Release|Any CPU.Build.0 = Release|Any CPU
		{4100D812-E825-473D-9221-232BF1A6A33A}.Release|x64.ActiveCfg = Release|Any CPU
		{4100D812-E825-473D-9221-232BF1A6A33A}.Release|x64.Build.0 = Release|Any CPU
		{4100D812-E825-473D-9221-232BF1A6A33A}.Release|x86.ActiveCfg = Release|Any CPU
		{4100D812-E825-473D-9221-232BF1A6A33A}.Release|x86.Build.0 = Release|Any CPU
	EndGlobalSection
	GlobalSection(SolutionProperties) = preSolution
		HideSolutionNode = FALSE
	EndGlobalSection
	GlobalSection(NestedProjects) = preSolution
		{A3D0DB7A-F1A3-4555-99F1-EA0F625B0B17} = {1FE6B023-8800-48EE-A9A6-EF6F5E2238FB}
		{0B740B66-69B1-4A61-89DE-D685385D81EB} = {1FE6B023-8800-48EE-A9A6-EF6F5E2238FB}
		{E9C787F2-FC4E-437E-A7CC-BD6F94D8BA7C} = {9727C221-936F-4FA4-9C0E-A99FA08E1900}
		{981494E2-83C6-45E4-81AA-2AA2307190A8} = {9727C221-936F-4FA4-9C0E-A99FA08E1900}
		{176667D5-5A53-4D08-8144-BC4C43447943} = {9727C221-936F-4FA4-9C0E-A99FA08E1900}
		{C004AB84-1A8D-47BB-B836-A7C2AD769C53} = {E76B1A13-6845-4684-99CE-1921B18D0DB9}
		{35A9DB6E-191B-46FF-85A8-0CAC408607AE} = {BB5D452F-8E1A-4B1A-B3BC-7A6FF168A092}
		{4A0050A3-2C74-4FEE-BF46-D448A96F8C6A} = {BB5D452F-8E1A-4B1A-B3BC-7A6FF168A092}
		{C9C5EA31-E70A-4E1F-90DC-692B37AF0F5B} = {BB5D452F-8E1A-4B1A-B3BC-7A6FF168A092}
		{C68D07B5-C39B-43AB-97FD-11002E290D28} = {487BAF92-1ACB-42F7-AA18-35B7626089AE}
		{EA7C6830-9692-42F4-B797-473A26DF7A47} = {487BAF92-1ACB-42F7-AA18-35B7626089AE}
		{C9D33D25-71A0-43FB-B269-0B1BC61D3EDF} = {02EA681E-C7D8-13C7-8484-4AC65E1B71E8}
		{AF4FDC86-688B-4E7D-A5F2-A9C7F66C8E5D} = {02EA681E-C7D8-13C7-8484-4AC65E1B71E8}
		{4B33BF79-26D9-435E-8BB3-FB0BC8D47B4A} = {487BAF92-1ACB-42F7-AA18-35B7626089AE}
		{158E5C4A-01C8-4B3B-B468-3ED9658D5961} = {9C6C6E48-5323-4A56-B72E-EBFCD7043F3A}
		{725C0069-1E6F-4E21-A390-A0C4D57A6BEC} = {989946C7-92CB-4AAC-8FEA-1F3964EE990D}
		{9C6C6E48-5323-4A56-B72E-EBFCD7043F3A} = {487BAF92-1ACB-42F7-AA18-35B7626089AE}
		{989946C7-92CB-4AAC-8FEA-1F3964EE990D} = {9727C221-936F-4FA4-9C0E-A99FA08E1900}
		{4100D812-E825-473D-9221-232BF1A6A33A} = {E76B1A13-6845-4684-99CE-1921B18D0DB9}
	EndGlobalSection
	GlobalSection(ExtensibilityGlobals) = postSolution
		SolutionGuid = {57577AFB-9525-4F88-898A-7C0CBFD0E041}
	EndGlobalSection
EndGlobal
